
Microsoft Visual Studio Solution File, Format Version 12.00
# Visual Studio Version 17
VisualStudioVersion = 17.4.33213.308
MinimumVisualStudioVersion = 10.0.40219.1
Project("{FAE04EC0-301F-11D3-BF4B-00C04F79EFBC}") = "1", "1\1.csproj", "{907C6557-3EA6-4848-AC98-79457EF033F5}"
EndProject
Global
	GlobalSection(SolutionConfigurationPlatforms) = preSolution
		Debug|Any CPU = Debug|Any CPU
		Release|Any CPU = Release|Any CPU
	EndGlobalSection
	GlobalSection(ProjectConfigurationPlatforms) = postSolution
		{907C6557-3EA6-4848-AC98-79457EF033F5}.Debug|Any CPU.ActiveCfg = Debug|Any CPU
		{907C6557-3EA6-4848-AC98-79457EF033F5}.Debug|Any CPU.Build.0 = Debug|Any CPU
		{907C6557-3EA6-4848-AC98-79457EF033F5}.Release|Any CPU.ActiveCfg = Release|Any CPU
		{907C6557-3EA6-4848-AC98-79457EF033F5}.Release|Any CPU.Build.0 = Release|Any CPU
	EndGlobalSection
	GlobalSection(SolutionProperties) = preSolution
		HideSolutionNode = FALSE
	EndGlobalSection
	GlobalSection(ExtensibilityGlobals) = postSolution
		SolutionGuid = {7EBA4F58-39C1-4169-93E6-3C95164D4B4D}
	EndGlobalSection
EndGlobal
